
Microsoft Visual Studio Solution File, Format Version 12.00
Project("{FAE04EC0-301F-11D3-BF4B-00C04F79EFBC}") = "Sudoku", "Sudoku\Sudoku.csproj", "{858F9914-3D39-4F4C-8976-DE2F8376247E}"
EndProject
Project("{FAE04EC0-301F-11D3-BF4B-00C04F79EFBC}") = "Sudoku.Tests", "Sudoku.Tests\Sudoku.Tests.csproj", "{A08B32CB-7E15-4817-B6C0-0A464873D020}"
EndProject
Project("{FAE04EC0-301F-11D3-BF4B-00C04F79EFBC}") = "Sudoku.API", "Sudoku.API\Sudoku.API.csproj", "{86CB60BF-BB16-4C2F-93D4-F99C6437DD05}"
EndProject
Project("{FAE04EC0-301F-11D3-BF4B-00C04F79EFBC}") = "Sudoku.Client", "Sudoku.Client\Sudoku.Client.csproj", "{F2BBB7B7-2F9F-4D78-BD95-24D5EF3B94D7}"
EndProject
Global
	GlobalSection(SolutionConfigurationPlatforms) = preSolution
		Debug|Any CPU = Debug|Any CPU
		Debug|x64 = Debug|x64
		Debug|x86 = Debug|x86
		Release|Any CPU = Release|Any CPU
		Release|x64 = Release|x64
		Release|x86 = Release|x86
	EndGlobalSection
	GlobalSection(ProjectConfigurationPlatforms) = postSolution
		{858F9914-3D39-4F4C-8976-DE2F8376247E}.Debug|Any CPU.ActiveCfg = Debug|Any CPU
		{858F9914-3D39-4F4C-8976-DE2F8376247E}.Debug|Any CPU.Build.0 = Debug|Any CPU
		{858F9914-3D39-4F4C-8976-DE2F8376247E}.Debug|x64.ActiveCfg = Debug|Any CPU
		{858F9914-3D39-4F4C-8976-DE2F8376247E}.Debug|x64.Build.0 = Debug|Any CPU
		{858F9914-3D39-4F4C-8976-DE2F8376247E}.Debug|x86.ActiveCfg = Debug|Any CPU
		{858F9914-3D39-4F4C-8976-DE2F8376247E}.Debug|x86.Build.0 = Debug|Any CPU
		{858F9914-3D39-4F4C-8976-DE2F8376247E}.Release|Any CPU.ActiveCfg = Release|Any CPU
		{858F9914-3D39-4F4C-8976-DE2F8376247E}.Release|Any CPU.Build.0 = Release|Any CPU
		{858F9914-3D39-4F4C-8976-DE2F8376247E}.Release|x64.ActiveCfg = Release|Any CPU
		{858F9914-3D39-4F4C-8976-DE2F8376247E}.Release|x64.Build.0 = Release|Any CPU
		{858F9914-3D39-4F4C-8976-DE2F8376247E}.Release|x86.ActiveCfg = Release|Any CPU
		{858F9914-3D39-4F4C-8976-DE2F8376247E}.Release|x86.Build.0 = Release|Any CPU
		{A08B32CB-7E15-4817-B6C0-0A464873D020}.Debug|Any CPU.ActiveCfg = Debug|Any CPU
		{A08B32CB-7E15-4817-B6C0-0A464873D020}.Debug|Any CPU.Build.0 = Debug|Any CPU
		{A08B32CB-7E15-4817-B6C0-0A464873D020}.Debug|x64.ActiveCfg = Debug|Any CPU
		{A08B32CB-7E15-4817-B6C0-0A464873D020}.Debug|x64.Build.0 = Debug|Any CPU
		{A08B32CB-7E15-4817-B6C0-0A464873D020}.Debug|x86.ActiveCfg = Debug|Any CPU
		{A08B32CB-7E15-4817-B6C0-0A464873D020}.Debug|x86.Build.0 = Debug|Any CPU
		{A08B32CB-7E15-4817-B6C0-0A464873D020}.Release|Any CPU.ActiveCfg = Release|Any CPU
		{A08B32CB-7E15-4817-B6C0-0A464873D020}.Release|Any CPU.Build.0 = Release|Any CPU
		{A08B32CB-7E15-4817-B6C0-0A464873D020}.Release|x64.ActiveCfg = Release|Any CPU
		{A08B32CB-7E15-4817-B6C0-0A464873D020}.Release|x64.Build.0 = Release|Any CPU
		{A08B32CB-7E15-4817-B6C0-0A464873D020}.Release|x86.ActiveCfg = Release|Any CPU
		{A08B32CB-7E15-4817-B6C0-0A464873D020}.Release|x86.Build.0 = Release|Any CPU
		{86CB60BF-BB16-4C2F-93D4-F99C6437DD05}.Debug|Any CPU.ActiveCfg = Debug|Any CPU
		{86CB60BF-BB16-4C2F-93D4-F99C6437DD05}.Debug|Any CPU.Build.0 = Debug|Any CPU
		{86CB60BF-BB16-4C2F-93D4-F99C6437DD05}.Debug|x64.ActiveCfg = Debug|Any CPU
		{86CB60BF-BB16-4C2F-93D4-F99C6437DD05}.Debug|x64.Build.0 = Debug|Any CPU
		{86CB60BF-BB16-4C2F-93D4-F99C6437DD05}.Debug|x86.ActiveCfg = Debug|Any CPU
		{86CB60BF-BB16-4C2F-93D4-F99C6437DD05}.Debug|x86.Build.0 = Debug|Any CPU
		{86CB60BF-BB16-4C2F-93D4-F99C6437DD05}.Release|Any CPU.ActiveCfg = Release|Any CPU
		{86CB60BF-BB16-4C2F-93D4-F99C6437DD05}.Release|Any CPU.Build.0 = Release|Any CPU
		{86CB60BF-BB16-4C2F-93D4-F99C6437DD05}.Release|x64.ActiveCfg = Release|Any CPU
		{86CB60BF-BB16-4C2F-93D4-F99C6437DD05}.Release|x64.Build.0 = Release|Any CPU
		{86CB60BF-BB16-4C2F-93D4-F99C6437DD05}.Release|x86.ActiveCfg = Release|Any CPU
		{86CB60BF-BB16-4C2F-93D4-F99C6437DD05}.Release|x86.Build.0 = Release|Any CPU
		{F2BBB7B7-2F9F-4D78-BD95-24D5EF3B94D7}.Debug|Any CPU.ActiveCfg = Debug|Any CPU
		{F2BBB7B7-2F9F-4D78-BD95-24D5EF3B94D7}.Debug|Any CPU.Build.0 = Debug|Any CPU
		{F2BBB7B7-2F9F-4D78-BD95-24D5EF3B94D7}.Debug|x64.ActiveCfg = Debug|Any CPU
		{F2BBB7B7-2F9F-4D78-BD95-24D5EF3B94D7}.Debug|x64.Build.0 = Debug|Any CPU
		{F2BBB7B7-2F9F-4D78-BD95-24D5EF3B94D7}.Debug|x86.ActiveCfg = Debug|Any CPU
		{F2BBB7B7-2F9F-4D78-BD95-24D5EF3B94D7}.Debug|x86.Build.0 = Debug|Any CPU
		{F2BBB7B7-2F9F-4D78-BD95-24D5EF3B94D7}.Release|Any CPU.ActiveCfg = Release|Any CPU
		{F2BBB7B7-2F9F-4D78-BD95-24D5EF3B94D7}.Release|Any CPU.Build.0 = Release|Any CPU
		{F2BBB7B7-2F9F-4D78-BD95-24D5EF3B94D7}.Release|x64.ActiveCfg = Release|Any CPU
		{F2BBB7B7-2F9F-4D78-BD95-24D5EF3B94D7}.Release|x64.Build.0 = Release|Any CPU
		{F2BBB7B7-2F9F-4D78-BD95-24D5EF3B94D7}.Release|x86.ActiveCfg = Release|Any CPU
		{F2BBB7B7-2F9F-4D78-BD95-24D5EF3B94D7}.Release|x86.Build.0 = Release|Any CPU
	EndGlobalSection
	GlobalSection(SolutionProperties) = preSolution
		HideSolutionNode = FALSE
	EndGlobalSection
EndGlobal
